{
  "name": "network-noise",
  "version": "1.0.0",
  "lockfileVersion": 3,
  "requires": true,
  "packages": {
    "": {
      "name": "network-noise",
      "version": "1.0.0",
      "license": "ISC",
      "dependencies": {
        "construct-js": "^1.0.1"
      }
    },
    "node_modules/construct-js": {
      "version": "1.0.1",
      "resolved": "https://registry.npmjs.org/construct-js/-/construct-js-1.0.1.tgz",
      "integrity": "sha512-fqIC1AsZqmRAYJx0Cz94VkP4dUNXkidyVn7RV9cHXH4EDNyO0twZMLBn7esGRFtIJLMS+j/8CotN6ttuCuyrJw=="
    }
  }
}
